
Microsoft Visual Studio Solution File, Format Version 12.00
# Visual Studio Version 17
VisualStudioVersion = 17.8.34408.163
MinimumVisualStudioVersion = 10.0.40219.1
Project("{9A19103F-16F7-4668-BE54-9A1E7A4F7556}") = "Unicorn.NUnit", "Unicorn.NUnit\Unicorn.NUnit.csproj", "{717B5049-E980-4042-9619-C9E0EEB06FE6}"
EndProject
Project("{2150E333-8FDC-42A3-9474-1A3956D46DE8}") = "src", "src", "{2109F348-A7F7-486F-827C-CE3D638F8AD4}"
EndProject
Project("{2150E333-8FDC-42A3-9474-1A3956D46DE8}") = "tests", "tests", "{08906E99-0FB6-4BEA-A61F-09F64BF52524}"
EndProject
Project("{9A19103F-16F7-4668-BE54-9A1E7A4F7556}") = "Unicorn.SystemTests", "Unicorn.SystemTests\Unicorn.SystemTests.csproj", "{C5F503AC-4861-49C2-A25D-AFA4AA5F8BA2}"
EndProject
Project("{9A19103F-16F7-4668-BE54-9A1E7A4F7556}") = "Unicorn.Web", "Unicorn.Web\Unicorn.Web.csproj", "{5E04D4C6-E105-4DD3-8961-A5252241B975}"
EndProject
Project("{9A19103F-16F7-4668-BE54-9A1E7A4F7556}") = "Unicorn.Desktop", "Unicorn.Desktop\Unicorn.Desktop.csproj", "{84ACC352-3FBE-4971-A46B-938EF305E8E0}"
EndProject
Project("{9A19103F-16F7-4668-BE54-9A1E7A4F7556}") = "Unicorn.Mobile", "Unicorn.Mobile\Unicorn.Mobile.csproj", "{69269A87-D84B-4A79-8DAF-87957BC0F34B}"
EndProject
Project("{9A19103F-16F7-4668-BE54-9A1E7A4F7556}") = "Unicorn.Rest", "Unicorn.Rest\Unicorn.Rest.csproj", "{5C515031-CC2F-4FDA-AEB2-E58C7A5F071A}"
EndProject
Project("{9A19103F-16F7-4668-BE54-9A1E7A4F7556}") = "Unicorn.Container", "Unicorn.Container\Unicorn.Container.csproj", "{D9B9382F-61C3-42EE-90C4-508B4FA59785}"
EndProject
Project("{9A19103F-16F7-4668-BE54-9A1E7A4F7556}") = "Unicorn.App", "Unicorn.App\Unicorn.App.csproj", "{C377621B-D7D9-4639-9CBD-C2843C5A72B9}"
EndProject
Project("{9A19103F-16F7-4668-BE54-9A1E7A4F7556}") = "Unicorn.Configuration", "Unicorn.Configuration\Unicorn.Configuration.csproj", "{03C330F6-F956-4050-B7B7-46FE9437FB74}"
EndProject
Project("{9A19103F-16F7-4668-BE54-9A1E7A4F7556}") = "Unicorn.Logging", "Unicorn.Logging\Unicorn.Logging.csproj", "{E7FC9BE5-40E5-49E0-8037-B8AEDC93CA1E}"
EndProject
Project("{2150E333-8FDC-42A3-9474-1A3956D46DE8}") = "core", "core", "{B29C2F5F-CEE9-4F42-98BD-2F55FE651B57}"
EndProject
Project("{2150E333-8FDC-42A3-9474-1A3956D46DE8}") = "web", "web", "{DE6C1E8D-091E-4CFE-98CE-92DE20483967}"
EndProject
Project("{2150E333-8FDC-42A3-9474-1A3956D46DE8}") = "mobile", "mobile", "{5EFFA4BA-A738-428D-BDB5-0ADAC7CED845}"
EndProject
Project("{2150E333-8FDC-42A3-9474-1A3956D46DE8}") = "desktop", "desktop", "{D8520FCB-7ED0-4AB8-B405-0E8233DE282D}"
EndProject
Project("{2150E333-8FDC-42A3-9474-1A3956D46DE8}") = "rest", "rest", "{A825E7D8-7B60-4A33-BAD4-D8C3BA82370A}"
EndProject
Project("{9A19103F-16F7-4668-BE54-9A1E7A4F7556}") = "Unicorn.Plugins", "Unicorn.Plugins\Unicorn.Plugins.csproj", "{9473323D-3642-47F7-8296-AF12FC0C55E7}"
EndProject
Project("{9A19103F-16F7-4668-BE54-9A1E7A4F7556}") = "Unicorn.Plugins.Screenshot", "Unicorn.Plugins.Screenshots\Unicorn.Plugins.Screenshot.csproj", "{5AC8E9A5-3980-434C-9109-1E2BB979E254}"
EndProject
Project("{9A19103F-16F7-4668-BE54-9A1E7A4F7556}") = "Unicorn.Plugins.VideoRecording", "Unicorn.Plugins.VideoRecording\Unicorn.Plugins.VideoRecording.csproj", "{92EB6B06-F269-48CD-AC00-6100F1B22ABF}"
EndProject
Project("{2150E333-8FDC-42A3-9474-1A3956D46DE8}") = "Solution Items", "Solution Items", "{D195A6B6-022D-4B20-8A89-EB85D990489E}"
	ProjectSection(SolutionItems) = preProject
		.editorconfig = .editorconfig
		pngtree-unicorn-cartoon.png = pngtree-unicorn-cartoon.png
		requirements.txt = requirements.txt
		sharedinfo.targets = sharedinfo.targets
		stylecop.json = stylecop.json
		StyleCopeRules.ruleset = StyleCopeRules.ruleset
	EndProjectSection
EndProject
Project("{9A19103F-16F7-4668-BE54-9A1E7A4F7556}") = "Unicorn.Web.Plugins.Browser", "Unicorn.Web.Plugins.Browser\Unicorn.Web.Plugins.Browser.csproj", "{69A96169-628E-460A-8D5E-624D21CA09BE}"
EndProject
Project("{9A19103F-16F7-4668-BE54-9A1E7A4F7556}") = "Unicorn.Desktop.Plugins", "Unicorn.Desktop.Plugins\Unicorn.Desktop.Plugins.csproj", "{EC6158C9-D0D6-466A-BD97-28ADA5BF35CD}"
EndProject
Project("{9A19103F-16F7-4668-BE54-9A1E7A4F7556}") = "Unicorn.Mobile.Plugins", "Unicorn.Mobile.Plugins\Unicorn.Mobile.Plugins.csproj", "{28D339A8-A013-405C-9A8D-041212574006}"
EndProject
Project("{9A19103F-16F7-4668-BE54-9A1E7A4F7556}") = "Unicorn.Rest.Plugins", "Unicorn.Rest.Plugins\Unicorn.Rest.Plugins.csproj", "{6112F73F-4290-4E65-9A66-3F4A7B3499F0}"
EndProject
Project("{9A19103F-16F7-4668-BE54-9A1E7A4F7556}") = "Unicorn.Web.Proxy", "Unicorn.Web.Proxy\Unicorn.Web.Proxy.csproj", "{6566F7F1-204C-43EB-97C6-340B8D3408AC}"
EndProject
Project("{9A19103F-16F7-4668-BE54-9A1E7A4F7556}") = "Unicorn.Utilities", "Unicorn.Utilities\Unicorn.Utilities.csproj", "{52D219CA-5388-494E-BFAC-039696690E88}"
EndProject
Global
	GlobalSection(SolutionConfigurationPlatforms) = preSolution
		Debug|Any CPU = Debug|Any CPU
		Local|Any CPU = Local|Any CPU
		QA|Any CPU = QA|Any CPU
		Release|Any CPU = Release|Any CPU
	EndGlobalSection
	GlobalSection(ProjectConfigurationPlatforms) = postSolution
		{717B5049-E980-4042-9619-C9E0EEB06FE6}.Debug|Any CPU.ActiveCfg = Debug|Any CPU
		{717B5049-E980-4042-9619-C9E0EEB06FE6}.Debug|Any CPU.Build.0 = Debug|Any CPU
		{717B5049-E980-4042-9619-C9E0EEB06FE6}.Local|Any CPU.ActiveCfg = Local|Any CPU
		{717B5049-E980-4042-9619-C9E0EEB06FE6}.Local|Any CPU.Build.0 = Local|Any CPU
		{717B5049-E980-4042-9619-C9E0EEB06FE6}.QA|Any CPU.ActiveCfg = QA|Any CPU
		{717B5049-E980-4042-9619-C9E0EEB06FE6}.QA|Any CPU.Build.0 = QA|Any CPU
		{717B5049-E980-4042-9619-C9E0EEB06FE6}.Release|Any CPU.ActiveCfg = Release|Any CPU
		{717B5049-E980-4042-9619-C9E0EEB06FE6}.Release|Any CPU.Build.0 = Release|Any CPU
		{C5F503AC-4861-49C2-A25D-AFA4AA5F8BA2}.Debug|Any CPU.ActiveCfg = Debug|Any CPU
		{C5F503AC-4861-49C2-A25D-AFA4AA5F8BA2}.Debug|Any CPU.Build.0 = Debug|Any CPU
		{C5F503AC-4861-49C2-A25D-AFA4AA5F8BA2}.Local|Any CPU.ActiveCfg = Local|Any CPU
		{C5F503AC-4861-49C2-A25D-AFA4AA5F8BA2}.Local|Any CPU.Build.0 = Local|Any CPU
		{C5F503AC-4861-49C2-A25D-AFA4AA5F8BA2}.QA|Any CPU.ActiveCfg = QA|Any CPU
		{C5F503AC-4861-49C2-A25D-AFA4AA5F8BA2}.QA|Any CPU.Build.0 = QA|Any CPU
		{C5F503AC-4861-49C2-A25D-AFA4AA5F8BA2}.Release|Any CPU.ActiveCfg = Release|Any CPU
		{C5F503AC-4861-49C2-A25D-AFA4AA5F8BA2}.Release|Any CPU.Build.0 = Release|Any CPU
		{5E04D4C6-E105-4DD3-8961-A5252241B975}.Debug|Any CPU.ActiveCfg = Debug|Any CPU
		{5E04D4C6-E105-4DD3-8961-A5252241B975}.Debug|Any CPU.Build.0 = Debug|Any CPU
		{5E04D4C6-E105-4DD3-8961-A5252241B975}.Local|Any CPU.ActiveCfg = Local|Any CPU
		{5E04D4C6-E105-4DD3-8961-A5252241B975}.Local|Any CPU.Build.0 = Local|Any CPU
		{5E04D4C6-E105-4DD3-8961-A5252241B975}.QA|Any CPU.ActiveCfg = QA|Any CPU
		{5E04D4C6-E105-4DD3-8961-A5252241B975}.QA|Any CPU.Build.0 = QA|Any CPU
		{5E04D4C6-E105-4DD3-8961-A5252241B975}.Release|Any CPU.ActiveCfg = Release|Any CPU
		{5E04D4C6-E105-4DD3-8961-A5252241B975}.Release|Any CPU.Build.0 = Release|Any CPU
		{84ACC352-3FBE-4971-A46B-938EF305E8E0}.Debug|Any CPU.ActiveCfg = Debug|Any CPU
		{84ACC352-3FBE-4971-A46B-938EF305E8E0}.Debug|Any CPU.Build.0 = Debug|Any CPU
		{84ACC352-3FBE-4971-A46B-938EF305E8E0}.Local|Any CPU.ActiveCfg = Local|Any CPU
		{84ACC352-3FBE-4971-A46B-938EF305E8E0}.Local|Any CPU.Build.0 = Local|Any CPU
		{84ACC352-3FBE-4971-A46B-938EF305E8E0}.QA|Any CPU.ActiveCfg = QA|Any CPU
		{84ACC352-3FBE-4971-A46B-938EF305E8E0}.QA|Any CPU.Build.0 = QA|Any CPU
		{84ACC352-3FBE-4971-A46B-938EF305E8E0}.Release|Any CPU.ActiveCfg = Release|Any CPU
		{84ACC352-3FBE-4971-A46B-938EF305E8E0}.Release|Any CPU.Build.0 = Release|Any CPU
		{69269A87-D84B-4A79-8DAF-87957BC0F34B}.Debug|Any CPU.ActiveCfg = Debug|Any CPU
		{69269A87-D84B-4A79-8DAF-87957BC0F34B}.Debug|Any CPU.Build.0 = Debug|Any CPU
		{69269A87-D84B-4A79-8DAF-87957BC0F34B}.Local|Any CPU.ActiveCfg = Local|Any CPU
		{69269A87-D84B-4A79-8DAF-87957BC0F34B}.Local|Any CPU.Build.0 = Local|Any CPU
		{69269A87-D84B-4A79-8DAF-87957BC0F34B}.QA|Any CPU.ActiveCfg = QA|Any CPU
		{69269A87-D84B-4A79-8DAF-87957BC0F34B}.QA|Any CPU.Build.0 = QA|Any CPU
		{69269A87-D84B-4A79-8DAF-87957BC0F34B}.Release|Any CPU.ActiveCfg = Release|Any CPU
		{69269A87-D84B-4A79-8DAF-87957BC0F34B}.Release|Any CPU.Build.0 = Release|Any CPU
		{5C515031-CC2F-4FDA-AEB2-E58C7A5F071A}.Debug|Any CPU.ActiveCfg = Debug|Any CPU
		{5C515031-CC2F-4FDA-AEB2-E58C7A5F071A}.Debug|Any CPU.Build.0 = Debug|Any CPU
		{5C515031-CC2F-4FDA-AEB2-E58C7A5F071A}.Local|Any CPU.ActiveCfg = Local|Any CPU
		{5C515031-CC2F-4FDA-AEB2-E58C7A5F071A}.Local|Any CPU.Build.0 = Local|Any CPU
		{5C515031-CC2F-4FDA-AEB2-E58C7A5F071A}.QA|Any CPU.ActiveCfg = QA|Any CPU
		{5C515031-CC2F-4FDA-AEB2-E58C7A5F071A}.QA|Any CPU.Build.0 = QA|Any CPU
		{5C515031-CC2F-4FDA-AEB2-E58C7A5F071A}.Release|Any CPU.ActiveCfg = Release|Any CPU
		{5C515031-CC2F-4FDA-AEB2-E58C7A5F071A}.Release|Any CPU.Build.0 = Release|Any CPU
		{D9B9382F-61C3-42EE-90C4-508B4FA59785}.Debug|Any CPU.ActiveCfg = Debug|Any CPU
		{D9B9382F-61C3-42EE-90C4-508B4FA59785}.Debug|Any CPU.Build.0 = Debug|Any CPU
		{D9B9382F-61C3-42EE-90C4-508B4FA59785}.Local|Any CPU.ActiveCfg = Local|Any CPU
		{D9B9382F-61C3-42EE-90C4-508B4FA59785}.Local|Any CPU.Build.0 = Local|Any CPU
		{D9B9382F-61C3-42EE-90C4-508B4FA59785}.QA|Any CPU.ActiveCfg = QA|Any CPU
		{D9B9382F-61C3-42EE-90C4-508B4FA59785}.QA|Any CPU.Build.0 = QA|Any CPU
		{D9B9382F-61C3-42EE-90C4-508B4FA59785}.Release|Any CPU.ActiveCfg = Release|Any CPU
		{D9B9382F-61C3-42EE-90C4-508B4FA59785}.Release|Any CPU.Build.0 = Release|Any CPU
		{C377621B-D7D9-4639-9CBD-C2843C5A72B9}.Debug|Any CPU.ActiveCfg = Debug|Any CPU
		{C377621B-D7D9-4639-9CBD-C2843C5A72B9}.Debug|Any CPU.Build.0 = Debug|Any CPU
		{C377621B-D7D9-4639-9CBD-C2843C5A72B9}.Local|Any CPU.ActiveCfg = Local|Any CPU
		{C377621B-D7D9-4639-9CBD-C2843C5A72B9}.Local|Any CPU.Build.0 = Local|Any CPU
		{C377621B-D7D9-4639-9CBD-C2843C5A72B9}.QA|Any CPU.ActiveCfg = QA|Any CPU
		{C377621B-D7D9-4639-9CBD-C2843C5A72B9}.QA|Any CPU.Build.0 = QA|Any CPU
		{C377621B-D7D9-4639-9CBD-C2843C5A72B9}.Release|Any CPU.ActiveCfg = Release|Any CPU
		{C377621B-D7D9-4639-9CBD-C2843C5A72B9}.Release|Any CPU.Build.0 = Release|Any CPU
		{03C330F6-F956-4050-B7B7-46FE9437FB74}.Debug|Any CPU.ActiveCfg = Debug|Any CPU
		{03C330F6-F956-4050-B7B7-46FE9437FB74}.Debug|Any CPU.Build.0 = Debug|Any CPU
		{03C330F6-F956-4050-B7B7-46FE9437FB74}.Local|Any CPU.ActiveCfg = Local|Any CPU
		{03C330F6-F956-4050-B7B7-46FE9437FB74}.Local|Any CPU.Build.0 = Local|Any CPU
		{03C330F6-F956-4050-B7B7-46FE9437FB74}.QA|Any CPU.ActiveCfg = QA|Any CPU
		{03C330F6-F956-4050-B7B7-46FE9437FB74}.QA|Any CPU.Build.0 = QA|Any CPU
		{03C330F6-F956-4050-B7B7-46FE9437FB74}.Release|Any CPU.ActiveCfg = Release|Any CPU
		{03C330F6-F956-4050-B7B7-46FE9437FB74}.Release|Any CPU.Build.0 = Release|Any CPU
		{E7FC9BE5-40E5-49E0-8037-B8AEDC93CA1E}.Debug|Any CPU.ActiveCfg = Debug|Any CPU
		{E7FC9BE5-40E5-49E0-8037-B8AEDC93CA1E}.Debug|Any CPU.Build.0 = Debug|Any CPU
		{E7FC9BE5-40E5-49E0-8037-B8AEDC93CA1E}.Local|Any CPU.ActiveCfg = Local|Any CPU
		{E7FC9BE5-40E5-49E0-8037-B8AEDC93CA1E}.Local|Any CPU.Build.0 = Local|Any CPU
		{E7FC9BE5-40E5-49E0-8037-B8AEDC93CA1E}.QA|Any CPU.ActiveCfg = QA|Any CPU
		{E7FC9BE5-40E5-49E0-8037-B8AEDC93CA1E}.QA|Any CPU.Build.0 = QA|Any CPU
		{E7FC9BE5-40E5-49E0-8037-B8AEDC93CA1E}.Release|Any CPU.ActiveCfg = Release|Any CPU
		{E7FC9BE5-40E5-49E0-8037-B8AEDC93CA1E}.Release|Any CPU.Build.0 = Release|Any CPU
		{9473323D-3642-47F7-8296-AF12FC0C55E7}.Debug|Any CPU.ActiveCfg = Debug|Any CPU
		{9473323D-3642-47F7-8296-AF12FC0C55E7}.Debug|Any CPU.Build.0 = Debug|Any CPU
		{9473323D-3642-47F7-8296-AF12FC0C55E7}.Local|Any CPU.ActiveCfg = Local|Any CPU
		{9473323D-3642-47F7-8296-AF12FC0C55E7}.Local|Any CPU.Build.0 = Local|Any CPU
		{9473323D-3642-47F7-8296-AF12FC0C55E7}.QA|Any CPU.ActiveCfg = QA|Any CPU
		{9473323D-3642-47F7-8296-AF12FC0C55E7}.QA|Any CPU.Build.0 = QA|Any CPU
		{9473323D-3642-47F7-8296-AF12FC0C55E7}.Release|Any CPU.ActiveCfg = Release|Any CPU
		{9473323D-3642-47F7-8296-AF12FC0C55E7}.Release|Any CPU.Build.0 = Release|Any CPU
		{5AC8E9A5-3980-434C-9109-1E2BB979E254}.Debug|Any CPU.ActiveCfg = Debug|Any CPU
		{5AC8E9A5-3980-434C-9109-1E2BB979E254}.Debug|Any CPU.Build.0 = Debug|Any CPU
		{5AC8E9A5-3980-434C-9109-1E2BB979E254}.Local|Any CPU.ActiveCfg = Local|Any CPU
		{5AC8E9A5-3980-434C-9109-1E2BB979E254}.Local|Any CPU.Build.0 = Local|Any CPU
		{5AC8E9A5-3980-434C-9109-1E2BB979E254}.QA|Any CPU.ActiveCfg = QA|Any CPU
		{5AC8E9A5-3980-434C-9109-1E2BB979E254}.QA|Any CPU.Build.0 = QA|Any CPU
		{5AC8E9A5-3980-434C-9109-1E2BB979E254}.Release|Any CPU.ActiveCfg = Release|Any CPU
		{5AC8E9A5-3980-434C-9109-1E2BB979E254}.Release|Any CPU.Build.0 = Release|Any CPU
		{92EB6B06-F269-48CD-AC00-6100F1B22ABF}.Debug|Any CPU.ActiveCfg = Debug|Any CPU
		{92EB6B06-F269-48CD-AC00-6100F1B22ABF}.Debug|Any CPU.Build.0 = Debug|Any CPU
		{92EB6B06-F269-48CD-AC00-6100F1B22ABF}.Local|Any CPU.ActiveCfg = Local|Any CPU
		{92EB6B06-F269-48CD-AC00-6100F1B22ABF}.Local|Any CPU.Build.0 = Local|Any CPU
		{92EB6B06-F269-48CD-AC00-6100F1B22ABF}.QA|Any CPU.ActiveCfg = QA|Any CPU
		{92EB6B06-F269-48CD-AC00-6100F1B22ABF}.QA|Any CPU.Build.0 = QA|Any CPU
		{92EB6B06-F269-48CD-AC00-6100F1B22ABF}.Release|Any CPU.ActiveCfg = Release|Any CPU
		{92EB6B06-F269-48CD-AC00-6100F1B22ABF}.Release|Any CPU.Build.0 = Release|Any CPU
		{69A96169-628E-460A-8D5E-624D21CA09BE}.Debug|Any CPU.ActiveCfg = Debug|Any CPU
		{69A96169-628E-460A-8D5E-624D21CA09BE}.Debug|Any CPU.Build.0 = Debug|Any CPU
		{69A96169-628E-460A-8D5E-624D21CA09BE}.Local|Any CPU.ActiveCfg = Local|Any CPU
		{69A96169-628E-460A-8D5E-624D21CA09BE}.Local|Any CPU.Build.0 = Local|Any CPU
		{69A96169-628E-460A-8D5E-624D21CA09BE}.QA|Any CPU.ActiveCfg = QA|Any CPU
		{69A96169-628E-460A-8D5E-624D21CA09BE}.QA|Any CPU.Build.0 = QA|Any CPU
		{69A96169-628E-460A-8D5E-624D21CA09BE}.Release|Any CPU.ActiveCfg = Release|Any CPU
		{69A96169-628E-460A-8D5E-624D21CA09BE}.Release|Any CPU.Build.0 = Release|Any CPU
		{EC6158C9-D0D6-466A-BD97-28ADA5BF35CD}.Debug|Any CPU.ActiveCfg = Debug|Any CPU
		{EC6158C9-D0D6-466A-BD97-28ADA5BF35CD}.Debug|Any CPU.Build.0 = Debug|Any CPU
		{EC6158C9-D0D6-466A-BD97-28ADA5BF35CD}.Local|Any CPU.ActiveCfg = Local|Any CPU
		{EC6158C9-D0D6-466A-BD97-28ADA5BF35CD}.Local|Any CPU.Build.0 = Local|Any CPU
		{EC6158C9-D0D6-466A-BD97-28ADA5BF35CD}.QA|Any CPU.ActiveCfg = QA|Any CPU
		{EC6158C9-D0D6-466A-BD97-28ADA5BF35CD}.QA|Any CPU.Build.0 = QA|Any CPU
		{EC6158C9-D0D6-466A-BD97-28ADA5BF35CD}.Release|Any CPU.ActiveCfg = Release|Any CPU
		{EC6158C9-D0D6-466A-BD97-28ADA5BF35CD}.Release|Any CPU.Build.0 = Release|Any CPU
		{28D339A8-A013-405C-9A8D-041212574006}.Debug|Any CPU.ActiveCfg = Debug|Any CPU
		{28D339A8-A013-405C-9A8D-041212574006}.Debug|Any CPU.Build.0 = Debug|Any CPU
		{28D339A8-A013-405C-9A8D-041212574006}.Local|Any CPU.ActiveCfg = Local|Any CPU
		{28D339A8-A013-405C-9A8D-041212574006}.Local|Any CPU.Build.0 = Local|Any CPU
		{28D339A8-A013-405C-9A8D-041212574006}.QA|Any CPU.ActiveCfg = QA|Any CPU
		{28D339A8-A013-405C-9A8D-041212574006}.QA|Any CPU.Build.0 = QA|Any CPU
		{28D339A8-A013-405C-9A8D-041212574006}.Release|Any CPU.ActiveCfg = Release|Any CPU
		{28D339A8-A013-405C-9A8D-041212574006}.Release|Any CPU.Build.0 = Release|Any CPU
		{6112F73F-4290-4E65-9A66-3F4A7B3499F0}.Debug|Any CPU.ActiveCfg = Debug|Any CPU
		{6112F73F-4290-4E65-9A66-3F4A7B3499F0}.Debug|Any CPU.Build.0 = Debug|Any CPU
		{6112F73F-4290-4E65-9A66-3F4A7B3499F0}.Local|Any CPU.ActiveCfg = Local|Any CPU
		{6112F73F-4290-4E65-9A66-3F4A7B3499F0}.Local|Any CPU.Build.0 = Local|Any CPU
		{6112F73F-4290-4E65-9A66-3F4A7B3499F0}.QA|Any CPU.ActiveCfg = QA|Any CPU
		{6112F73F-4290-4E65-9A66-3F4A7B3499F0}.QA|Any CPU.Build.0 = QA|Any CPU
		{6112F73F-4290-4E65-9A66-3F4A7B3499F0}.Release|Any CPU.ActiveCfg = Release|Any CPU
		{6112F73F-4290-4E65-9A66-3F4A7B3499F0}.Release|Any CPU.Build.0 = Release|Any CPU
		{6566F7F1-204C-43EB-97C6-340B8D3408AC}.Debug|Any CPU.ActiveCfg = Debug|Any CPU
		{6566F7F1-204C-43EB-97C6-340B8D3408AC}.Debug|Any CPU.Build.0 = Debug|Any CPU
		{6566F7F1-204C-43EB-97C6-340B8D3408AC}.Local|Any CPU.ActiveCfg = Local|Any CPU
		{6566F7F1-204C-43EB-97C6-340B8D3408AC}.Local|Any CPU.Build.0 = Local|Any CPU
		{6566F7F1-204C-43EB-97C6-340B8D3408AC}.QA|Any CPU.ActiveCfg = QA|Any CPU
		{6566F7F1-204C-43EB-97C6-340B8D3408AC}.QA|Any CPU.Build.0 = QA|Any CPU
		{6566F7F1-204C-43EB-97C6-340B8D3408AC}.Release|Any CPU.ActiveCfg = Release|Any CPU
		{6566F7F1-204C-43EB-97C6-340B8D3408AC}.Release|Any CPU.Build.0 = Release|Any CPU
		{52D219CA-5388-494E-BFAC-039696690E88}.Debug|Any CPU.ActiveCfg = Debug|Any CPU
		{52D219CA-5388-494E-BFAC-039696690E88}.Debug|Any CPU.Build.0 = Debug|Any CPU
		{52D219CA-5388-494E-BFAC-039696690E88}.Local|Any CPU.ActiveCfg = Debug|Any CPU
		{52D219CA-5388-494E-BFAC-039696690E88}.Local|Any CPU.Build.0 = Debug|Any CPU
		{52D219CA-5388-494E-BFAC-039696690E88}.QA|Any CPU.ActiveCfg = Debug|Any CPU
		{52D219CA-5388-494E-BFAC-039696690E88}.QA|Any CPU.Build.0 = Debug|Any CPU
		{52D219CA-5388-494E-BFAC-039696690E88}.Release|Any CPU.ActiveCfg = Release|Any CPU
		{52D219CA-5388-494E-BFAC-039696690E88}.Release|Any CPU.Build.0 = Release|Any CPU
	EndGlobalSection
	GlobalSection(SolutionProperties) = preSolution
		HideSolutionNode = FALSE
	EndGlobalSection
	GlobalSection(NestedProjects) = preSolution
		{717B5049-E980-4042-9619-C9E0EEB06FE6} = {B29C2F5F-CEE9-4F42-98BD-2F55FE651B57}
		{C5F503AC-4861-49C2-A25D-AFA4AA5F8BA2} = {08906E99-0FB6-4BEA-A61F-09F64BF52524}
		{5E04D4C6-E105-4DD3-8961-A5252241B975} = {DE6C1E8D-091E-4CFE-98CE-92DE20483967}
		{84ACC352-3FBE-4971-A46B-938EF305E8E0} = {D8520FCB-7ED0-4AB8-B405-0E8233DE282D}
		{69269A87-D84B-4A79-8DAF-87957BC0F34B} = {5EFFA4BA-A738-428D-BDB5-0ADAC7CED845}
		{5C515031-CC2F-4FDA-AEB2-E58C7A5F071A} = {A825E7D8-7B60-4A33-BAD4-D8C3BA82370A}
		{D9B9382F-61C3-42EE-90C4-508B4FA59785} = {B29C2F5F-CEE9-4F42-98BD-2F55FE651B57}
		{C377621B-D7D9-4639-9CBD-C2843C5A72B9} = {B29C2F5F-CEE9-4F42-98BD-2F55FE651B57}
		{03C330F6-F956-4050-B7B7-46FE9437FB74} = {B29C2F5F-CEE9-4F42-98BD-2F55FE651B57}
		{E7FC9BE5-40E5-49E0-8037-B8AEDC93CA1E} = {B29C2F5F-CEE9-4F42-98BD-2F55FE651B57}
		{B29C2F5F-CEE9-4F42-98BD-2F55FE651B57} = {2109F348-A7F7-486F-827C-CE3D638F8AD4}
		{DE6C1E8D-091E-4CFE-98CE-92DE20483967} = {2109F348-A7F7-486F-827C-CE3D638F8AD4}
		{5EFFA4BA-A738-428D-BDB5-0ADAC7CED845} = {2109F348-A7F7-486F-827C-CE3D638F8AD4}
		{D8520FCB-7ED0-4AB8-B405-0E8233DE282D} = {2109F348-A7F7-486F-827C-CE3D638F8AD4}
		{A825E7D8-7B60-4A33-BAD4-D8C3BA82370A} = {2109F348-A7F7-486F-827C-CE3D638F8AD4}
		{9473323D-3642-47F7-8296-AF12FC0C55E7} = {B29C2F5F-CEE9-4F42-98BD-2F55FE651B57}
		{5AC8E9A5-3980-434C-9109-1E2BB979E254} = {B29C2F5F-CEE9-4F42-98BD-2F55FE651B57}
		{92EB6B06-F269-48CD-AC00-6100F1B22ABF} = {B29C2F5F-CEE9-4F42-98BD-2F55FE651B57}
		{69A96169-628E-460A-8D5E-624D21CA09BE} = {DE6C1E8D-091E-4CFE-98CE-92DE20483967}
		{EC6158C9-D0D6-466A-BD97-28ADA5BF35CD} = {D8520FCB-7ED0-4AB8-B405-0E8233DE282D}
		{28D339A8-A013-405C-9A8D-041212574006} = {5EFFA4BA-A738-428D-BDB5-0ADAC7CED845}
		{6112F73F-4290-4E65-9A66-3F4A7B3499F0} = {A825E7D8-7B60-4A33-BAD4-D8C3BA82370A}
		{6566F7F1-204C-43EB-97C6-340B8D3408AC} = {DE6C1E8D-091E-4CFE-98CE-92DE20483967}
		{52D219CA-5388-494E-BFAC-039696690E88} = {B29C2F5F-CEE9-4F42-98BD-2F55FE651B57}
	EndGlobalSection
	GlobalSection(ExtensibilityGlobals) = postSolution
		SolutionGuid = {E27DF373-9FA6-43E7-98AB-2AD9B414064B}
	EndGlobalSection
EndGlobal
